
Microsoft Visual Studio Solution File, Format Version 12.00
# Visual Studio 14
VisualStudioVersion = 14.0.22823.1
MinimumVisualStudioVersion = 10.0.40219.1
Project("{FAE04EC0-301F-11D3-BF4B-00C04F79EFBC}") = "dev-hydar-example", "dev-hydar-example\dev-hydar-example.csproj", "{17D7DB40-5A07-4B49-8523-C0E2F5655D13}"
EndProject
Project("{FAE04EC0-301F-11D3-BF4B-00C04F79EFBC}") = "Dargon.Courier.Impl", "..\Dargon.Courier\Dargon.Courier.Impl\Dargon.Courier.Impl.csproj", "{648271D2-2A52-4496-A9D1-6E54353D1448}"
EndProject
Project("{FAE04EC0-301F-11D3-BF4B-00C04F79EFBC}") = "Dargon.Courier.Api", "..\Dargon.Courier\Dargon.Courier\Dargon.Courier.Api.csproj", "{00A1DA2F-D316-4387-8BD4-F1A47C05A402}"
EndProject
Project("{FAE04EC0-301F-11D3-BF4B-00C04F79EFBC}") = "client-example", "client-example\client-example.csproj", "{E4A9BB0C-058D-48DF-9759-0066CB33CB73}"
EndProject
Project("{FAE04EC0-301F-11D3-BF4B-00C04F79EFBC}") = "Dargon.Hydar.Client.Api", "Dargon.Hydar.Client.Api\Dargon.Hydar.Client.Api.csproj", "{74EB9821-34A6-445A-A9E8-40F035CCD582}"
EndProject
Project("{FAE04EC0-301F-11D3-BF4B-00C04F79EFBC}") = "Dargon.Hydar.Common.Api", "Dargon.Hydar.Common.Api\Dargon.Hydar.Common.Api.csproj", "{79B62103-6D47-4650-9868-5A22139CC750}"
EndProject
Project("{FAE04EC0-301F-11D3-BF4B-00C04F79EFBC}") = "Dargon.Hydar.Cache.Impl", "Dargon.Hydar.Cache.Impl\Dargon.Hydar.Cache.Impl.csproj", "{BB6D28F4-1EE8-4BA6-9448-E992227ABF51}"
EndProject
Project("{FAE04EC0-301F-11D3-BF4B-00C04F79EFBC}") = "Dargon.Platform.Accounts.Api", "Dargon.Platform.Accounts.Api\Dargon.Platform.Accounts.Api.csproj", "{5531CE02-C3D2-4690-B33B-0F64A317C72E}"
EndProject
Project("{FAE04EC0-301F-11D3-BF4B-00C04F79EFBC}") = "Dargon.Hydar.Cache.Api", "Dargon.Hydar.Cache.Api\Dargon.Hydar.Cache.Api.csproj", "{7C04D8DE-120D-4CC1-9D2C-6B94175A594C}"
EndProject
Project("{FAE04EC0-301F-11D3-BF4B-00C04F79EFBC}") = "Dargon.Platform.Accounts.Impl", "Dargon.Platform.Accounts.Impl\Dargon.Platform.Accounts.Impl.csproj", "{E8C8322C-7E03-46D2-BEA1-1285ECFF8A63}"
EndProject
Project("{FAE04EC0-301F-11D3-BF4B-00C04F79EFBC}") = "Dargon.Ryu.Impl", "..\Dargon.Ryu\Dargon.Ryu.Impl\Dargon.Ryu.Impl.csproj", "{2ED5C703-8A91-4701-9AE9-DA86AA93A169}"
EndProject
Project("{FAE04EC0-301F-11D3-BF4B-00C04F79EFBC}") = "platform-migrations", "platform-migrations\platform-migrations.csproj", "{196D5DC6-FE11-4AFE-BD86-88A669C98F47}"
EndProject
Project("{FAE04EC0-301F-11D3-BF4B-00C04F79EFBC}") = "Dargon.Platform.Common.Api", "Dargon.Platform.Common.Api\Dargon.Platform.Common.Api.csproj", "{38361FF3-7C91-4582-8016-248EC2DD7A58}"
EndProject
Project("{FAE04EC0-301F-11D3-BF4B-00C04F79EFBC}") = "Dargon.Platform.Common.Cache.Api", "Dargon.Platform.Common.Cache.Api\Dargon.Platform.Common.Cache.Api.csproj", "{B7F8F32A-05DE-4E45-93FB-71B8C73754C4}"
EndProject
Project("{FAE04EC0-301F-11D3-BF4B-00C04F79EFBC}") = "Dargon.Hydar.Cache.Data.Storage.MicroLite", "Dargon.Hydar.Cache.Data.Storage.MicroLite\Dargon.Hydar.Cache.Data.Storage.MicroLite.csproj", "{E686D04D-239C-48D9-AC71-BB1D5B538F08}"
EndProject
Project("{FAE04EC0-301F-11D3-BF4B-00C04F79EFBC}") = "Dargon.Platform.Frontend.Api", "Dargon.Platform.Frontend.Api\Dargon.Platform.Frontend.Api.csproj", "{6F4261B8-3FA0-4738-956A-22FB512930F5}"
EndProject
Project("{FAE04EC0-301F-11D3-BF4B-00C04F79EFBC}") = "Dargon.Platform.WebendApplicationBase", "Dargon.Platform.WebendApplicationBase\Dargon.Platform.WebendApplicationBase.csproj", "{EC2B07CA-7CB0-4452-9D87-38DF307C71D6}"
EndProject
Global
	GlobalSection(SolutionConfigurationPlatforms) = preSolution
		Debug|Any CPU = Debug|Any CPU
		Release|Any CPU = Release|Any CPU
	EndGlobalSection
	GlobalSection(ProjectConfigurationPlatforms) = postSolution
		{17D7DB40-5A07-4B49-8523-C0E2F5655D13}.Debug|Any CPU.ActiveCfg = Debug|Any CPU
		{17D7DB40-5A07-4B49-8523-C0E2F5655D13}.Debug|Any CPU.Build.0 = Debug|Any CPU
		{17D7DB40-5A07-4B49-8523-C0E2F5655D13}.Release|Any CPU.ActiveCfg = Release|Any CPU
		{17D7DB40-5A07-4B49-8523-C0E2F5655D13}.Release|Any CPU.Build.0 = Release|Any CPU
		{648271D2-2A52-4496-A9D1-6E54353D1448}.Debug|Any CPU.ActiveCfg = Debug|Any CPU
		{648271D2-2A52-4496-A9D1-6E54353D1448}.Debug|Any CPU.Build.0 = Debug|Any CPU
		{648271D2-2A52-4496-A9D1-6E54353D1448}.Release|Any CPU.ActiveCfg = Release|Any CPU
		{648271D2-2A52-4496-A9D1-6E54353D1448}.Release|Any CPU.Build.0 = Release|Any CPU
		{00A1DA2F-D316-4387-8BD4-F1A47C05A402}.Debug|Any CPU.ActiveCfg = Debug|Any CPU
		{00A1DA2F-D316-4387-8BD4-F1A47C05A402}.Debug|Any CPU.Build.0 = Debug|Any CPU
		{00A1DA2F-D316-4387-8BD4-F1A47C05A402}.Release|Any CPU.ActiveCfg = Release|Any CPU
		{00A1DA2F-D316-4387-8BD4-F1A47C05A402}.Release|Any CPU.Build.0 = Release|Any CPU
		{E4A9BB0C-058D-48DF-9759-0066CB33CB73}.Debug|Any CPU.ActiveCfg = Debug|Any CPU
		{E4A9BB0C-058D-48DF-9759-0066CB33CB73}.Debug|Any CPU.Build.0 = Debug|Any CPU
		{E4A9BB0C-058D-48DF-9759-0066CB33CB73}.Release|Any CPU.ActiveCfg = Release|Any CPU
		{E4A9BB0C-058D-48DF-9759-0066CB33CB73}.Release|Any CPU.Build.0 = Release|Any CPU
		{74EB9821-34A6-445A-A9E8-40F035CCD582}.Debug|Any CPU.ActiveCfg = Debug|Any CPU
		{74EB9821-34A6-445A-A9E8-40F035CCD582}.Debug|Any CPU.Build.0 = Debug|Any CPU
		{74EB9821-34A6-445A-A9E8-40F035CCD582}.Release|Any CPU.ActiveCfg = Release|Any CPU
		{74EB9821-34A6-445A-A9E8-40F035CCD582}.Release|Any CPU.Build.0 = Release|Any CPU
		{79B62103-6D47-4650-9868-5A22139CC750}.Debug|Any CPU.ActiveCfg = Debug|Any CPU
		{79B62103-6D47-4650-9868-5A22139CC750}.Debug|Any CPU.Build.0 = Debug|Any CPU
		{79B62103-6D47-4650-9868-5A22139CC750}.Release|Any CPU.ActiveCfg = Release|Any CPU
		{79B62103-6D47-4650-9868-5A22139CC750}.Release|Any CPU.Build.0 = Release|Any CPU
		{BB6D28F4-1EE8-4BA6-9448-E992227ABF51}.Debug|Any CPU.ActiveCfg = Debug|Any CPU
		{BB6D28F4-1EE8-4BA6-9448-E992227ABF51}.Debug|Any CPU.Build.0 = Debug|Any CPU
		{BB6D28F4-1EE8-4BA6-9448-E992227ABF51}.Release|Any CPU.ActiveCfg = Release|Any CPU
		{BB6D28F4-1EE8-4BA6-9448-E992227ABF51}.Release|Any CPU.Build.0 = Release|Any CPU
		{5531CE02-C3D2-4690-B33B-0F64A317C72E}.Debug|Any CPU.ActiveCfg = Debug|Any CPU
		{5531CE02-C3D2-4690-B33B-0F64A317C72E}.Debug|Any CPU.Build.0 = Debug|Any CPU
		{5531CE02-C3D2-4690-B33B-0F64A317C72E}.Release|Any CPU.ActiveCfg = Release|Any CPU
		{5531CE02-C3D2-4690-B33B-0F64A317C72E}.Release|Any CPU.Build.0 = Release|Any CPU
		{7C04D8DE-120D-4CC1-9D2C-6B94175A594C}.Debug|Any CPU.ActiveCfg = Debug|Any CPU
		{7C04D8DE-120D-4CC1-9D2C-6B94175A594C}.Debug|Any CPU.Build.0 = Debug|Any CPU
		{7C04D8DE-120D-4CC1-9D2C-6B94175A594C}.Release|Any CPU.ActiveCfg = Release|Any CPU
		{7C04D8DE-120D-4CC1-9D2C-6B94175A594C}.Release|Any CPU.Build.0 = Release|Any CPU
		{E8C8322C-7E03-46D2-BEA1-1285ECFF8A63}.Debug|Any CPU.ActiveCfg = Debug|Any CPU
		{E8C8322C-7E03-46D2-BEA1-1285ECFF8A63}.Debug|Any CPU.Build.0 = Debug|Any CPU
		{E8C8322C-7E03-46D2-BEA1-1285ECFF8A63}.Release|Any CPU.ActiveCfg = Release|Any CPU
		{E8C8322C-7E03-46D2-BEA1-1285ECFF8A63}.Release|Any CPU.Build.0 = Release|Any CPU
		{2ED5C703-8A91-4701-9AE9-DA86AA93A169}.Debug|Any CPU.ActiveCfg = Debug|Any CPU
		{2ED5C703-8A91-4701-9AE9-DA86AA93A169}.Debug|Any CPU.Build.0 = Debug|Any CPU
		{2ED5C703-8A91-4701-9AE9-DA86AA93A169}.Release|Any CPU.ActiveCfg = Release|Any CPU
		{2ED5C703-8A91-4701-9AE9-DA86AA93A169}.Release|Any CPU.Build.0 = Release|Any CPU
		{196D5DC6-FE11-4AFE-BD86-88A669C98F47}.Debug|Any CPU.ActiveCfg = Debug|Any CPU
		{196D5DC6-FE11-4AFE-BD86-88A669C98F47}.Debug|Any CPU.Build.0 = Debug|Any CPU
		{196D5DC6-FE11-4AFE-BD86-88A669C98F47}.Release|Any CPU.ActiveCfg = Release|Any CPU
		{196D5DC6-FE11-4AFE-BD86-88A669C98F47}.Release|Any CPU.Build.0 = Release|Any CPU
		{38361FF3-7C91-4582-8016-248EC2DD7A58}.Debug|Any CPU.ActiveCfg = Debug|Any CPU
		{38361FF3-7C91-4582-8016-248EC2DD7A58}.Debug|Any CPU.Build.0 = Debug|Any CPU
		{38361FF3-7C91-4582-8016-248EC2DD7A58}.Release|Any CPU.ActiveCfg = Release|Any CPU
		{38361FF3-7C91-4582-8016-248EC2DD7A58}.Release|Any CPU.Build.0 = Release|Any CPU
		{B7F8F32A-05DE-4E45-93FB-71B8C73754C4}.Debug|Any CPU.ActiveCfg = Debug|Any CPU
		{B7F8F32A-05DE-4E45-93FB-71B8C73754C4}.Debug|Any CPU.Build.0 = Debug|Any CPU
		{B7F8F32A-05DE-4E45-93FB-71B8C73754C4}.Release|Any CPU.ActiveCfg = Release|Any CPU
		{B7F8F32A-05DE-4E45-93FB-71B8C73754C4}.Release|Any CPU.Build.0 = Release|Any CPU
		{E686D04D-239C-48D9-AC71-BB1D5B538F08}.Debug|Any CPU.ActiveCfg = Debug|Any CPU
		{E686D04D-239C-48D9-AC71-BB1D5B538F08}.Debug|Any CPU.Build.0 = Debug|Any CPU
		{E686D04D-239C-48D9-AC71-BB1D5B538F08}.Release|Any CPU.ActiveCfg = Release|Any CPU
		{E686D04D-239C-48D9-AC71-BB1D5B538F08}.Release|Any CPU.Build.0 = Release|Any CPU
		{6F4261B8-3FA0-4738-956A-22FB512930F5}.Debug|Any CPU.ActiveCfg = Debug|Any CPU
		{6F4261B8-3FA0-4738-956A-22FB512930F5}.Debug|Any CPU.Build.0 = Debug|Any CPU
		{6F4261B8-3FA0-4738-956A-22FB512930F5}.Release|Any CPU.ActiveCfg = Release|Any CPU
		{6F4261B8-3FA0-4738-956A-22FB512930F5}.Release|Any CPU.Build.0 = Release|Any CPU
		{EC2B07CA-7CB0-4452-9D87-38DF307C71D6}.Debug|Any CPU.ActiveCfg = Debug|Any CPU
		{EC2B07CA-7CB0-4452-9D87-38DF307C71D6}.Debug|Any CPU.Build.0 = Debug|Any CPU
		{EC2B07CA-7CB0-4452-9D87-38DF307C71D6}.Release|Any CPU.ActiveCfg = Release|Any CPU
		{EC2B07CA-7CB0-4452-9D87-38DF307C71D6}.Release|Any CPU.Build.0 = Release|Any CPU
	EndGlobalSection
	GlobalSection(SolutionProperties) = preSolution
		HideSolutionNode = FALSE
	EndGlobalSection
EndGlobal
